// !$*UTF8*$!
{
	archiveVersion = 1;
	classes = {
	};
	objectVersion = 46;
	objects = {

/* Begin PBXBuildFile section */
		ED95D8C71C1C89800096D607 /* main.m in Sources */ = {isa = PBXBuildFile; fileRef = ED95D8C61C1C89800096D607 /* main.m */; };
		ED95D8CA1C1C89800096D607 /* AppDelegate.m in Sources */ = {isa = PBXBuildFile; fileRef = ED95D8C91C1C89800096D607 /* AppDelegate.m */; };
		ED95D8CD1C1C89800096D607 /* PlaylistMasterViewController.m in Sources */ = {isa = PBXBuildFile; fileRef = ED95D8CC1C1C89800096D607 /* PlaylistMasterViewController.m */; };
		ED95D8D01C1C89800096D607 /* Main.storyboard in Resources */ = {isa = PBXBuildFile; fileRef = ED95D8CE1C1C89800096D607 /* Main.storyboard */; };
		ED95D8D21C1C89800096D607 /* Assets.xcassets in Resources */ = {isa = PBXBuildFile; fileRef = ED95D8D11C1C89800096D607 /* Assets.xcassets */; };
		ED95D8D51C1C89800096D607 /* LaunchScreen.storyboard in Resources */ = {isa = PBXBuildFile; fileRef = ED95D8D31C1C89800096D607 /* LaunchScreen.storyboard */; };
		ED95D8E01C1C89800096D607 /* AlgorhythmTests.m in Sources */ = {isa = PBXBuildFile; fileRef = ED95D8DF1C1C89800096D607 /* AlgorhythmTests.m */; };
		ED95D8EB1C1C89800096D607 /* AlgorhythmUITests.m in Sources */ = {isa = PBXBuildFile; fileRef = ED95D8EA1C1C89800096D607 /* AlgorhythmUITests.m */; };
		ED95D8FA1C1C91FC0096D607 /* PlaylistDetailViewController.m in Sources */ = {isa = PBXBuildFile; fileRef = ED95D8F91C1C91FC0096D607 /* PlaylistDetailViewController.m */; };
/* End PBXBuildFile section */

/* Begin PBXContainerItemProxy section */
		ED95D8DC1C1C89800096D607 /* PBXContainerItemProxy */ = {
			isa = PBXContainerItemProxy;
			containerPortal = ED95D8BA1C1C897F0096D607 /* Project object */;
			proxyType = 1;
			remoteGlobalIDString = ED95D8C11C1C897F0096D607;
			remoteInfo = Algorhythm;
		};
		ED95D8E71C1C89800096D607 /* PBXContainerItemProxy */ = {
			isa = PBXContainerItemProxy;
			containerPortal = ED95D8BA1C1C897F0096D607 /* Project object */;
			proxyType = 1;
			remoteGlobalIDString = ED95D8C11C1C897F0096D607;
			remoteInfo = Algorhythm;
		};
/* End PBXContainerItemProxy section */

/* Begin PBXFileReference section */
		ED95D8C21C1C897F0096D607 /* Algorhythm.app */ = {isa = PBXFileReference; explicitFileType = wrapper.application; includeInIndex = 0; path = Algorhythm.app; sourceTree = BUILT_PRODUCTS_DIR; };
		ED95D8C61C1C89800096D607 /* main.m */ = {isa = PBXFileReference; lastKnownFileType = sourcecode.c.objc; path = main.m; sourceTree = "<group>"; };
		ED95D8C81C1C89800096D607 /* AppDelegate.h */ = {isa = PBXFileReference; lastKnownFileType = sourcecode.c.h; path = AppDelegate.h; sourceTree = "<group>"; };
		ED95D8C91C1C89800096D607 /* AppDelegate.m */ = {isa = PBXFileReference; lastKnownFileType = sourcecode.c.objc; path = AppDelegate.m; sourceTree = "<group>"; };
		ED95D8CB1C1C89800096D607 /* PlaylistMasterViewController.h */ = {isa = PBXFileReference; lastKnownFileType = sourcecode.c.h; path = PlaylistMasterViewController.h; sourceTree = "<group>"; };
		ED95D8CC1C1C89800096D607 /* PlaylistMasterViewController.m */ = {isa = PBXFileReference; lastKnownFileType = sourcecode.c.objc; path = PlaylistMasterViewController.m; sourceTree = "<group>"; };
		ED95D8CF1C1C89800096D607 /* Base */ = {isa = PBXFileReference; lastKnownFileType = file.storyboard; name = Base; path = Base.lproj/Main.storyboard; sourceTree = "<group>"; };
		ED95D8D11C1C89800096D607 /* Assets.xcassets */ = {isa = PBXFileReference; lastKnownFileType = folder.assetcatalog; path = Assets.xcassets; sourceTree = "<group>"; };
		ED95D8D41C1C89800096D607 /* Base */ = {isa = PBXFileReference; lastKnownFileType = file.storyboard; name = Base; path = Base.lproj/LaunchScreen.storyboard; sourceTree = "<group>"; };
		ED95D8D61C1C89800096D607 /* Info.plist */ = {isa = PBXFileReference; lastKnownFileType = text.plist.xml; path = Info.plist; sourceTree = "<group>"; };
		ED95D8DB1C1C89800096D607 /* AlgorhythmTests.xctest */ = {isa = PBXFileReference; explicitFileType = wrapper.cfbundle; includeInIndex = 0; path = AlgorhythmTests.xctest; sourceTree = BUILT_PRODUCTS_DIR; };
		ED95D8DF1C1C89800096D607 /* AlgorhythmTests.m */ = {isa = PBXFileReference; lastKnownFileType = sourcecode.c.objc; path = AlgorhythmTests.m; sourceTree = "<group>"; };
		ED95D8E11C1C89800096D607 /* Info.plist */ = {isa = PBXFileReference; lastKnownFileType = text.plist.xml; path = Info.plist; sourceTree = "<group>"; };
		ED95D8E61C1C89800096D607 /* AlgorhythmUITests.xctest */ = {isa = PBXFileReference; explicitFileType = wrapper.cfbundle; includeInIndex = 0; path = AlgorhythmUITests.xctest; sourceTree = BUILT_PRODUCTS_DIR; };
		ED95D8EA1C1C89800096D607 /* AlgorhythmUITests.m */ = {isa = PBXFileReference; lastKnownFileType = sourcecode.c.objc; path = AlgorhythmUITests.m; sourceTree = "<group>"; };
		ED95D8EC1C1C89800096D607 /* Info.plist */ = {isa = PBXFileReference; lastKnownFileType = text.plist.xml; path = Info.plist; sourceTree = "<group>"; };
		ED95D8F81C1C91FC0096D607 /* PlaylistDetailViewController.h */ = {isa = PBXFileReference; fileEncoding = 4; lastKnownFileType = sourcecode.c.h; path = PlaylistDetailViewController.h; sourceTree = "<group>"; };
		ED95D8F91C1C91FC0096D607 /* PlaylistDetailViewController.m */ = {isa = PBXFileReference; fileEncoding = 4; lastKnownFileType = sourcecode.c.objc; path = PlaylistDetailViewController.m; sourceTree = "<group>"; };
/* End PBXFileReference section */

/* Begin PBXFrameworksBuildPhase section */
		ED95D8BF1C1C897F0096D607 /* Frameworks */ = {
			isa = PBXFrameworksBuildPhase;
			buildActionMask = 2147483647;
			files = (
			);
			runOnlyForDeploymentPostprocessing = 0;
		};
		ED95D8D81C1C89800096D607 /* Frameworks */ = {
			isa = PBXFrameworksBuildPhase;
			buildActionMask = 2147483647;
			files = (
			);
			runOnlyForDeploymentPostprocessing = 0;
		};
		ED95D8E31C1C89800096D607 /* Frameworks */ = {
			isa = PBXFrameworksBuildPhase;
			buildActionMask = 2147483647;
			files = (
			);
			runOnlyForDeploymentPostprocessing = 0;
		};
/* End PBXFrameworksBuildPhase section */

/* Begin PBXGroup section */
		ED95D8B91C1C897F0096D607 = {
			isa = PBXGroup;
			children = (
				ED95D8C41C1C89800096D607 /* Algorhythm */,
				ED95D8DE1C1C89800096D607 /* AlgorhythmTests */,
				ED95D8E91C1C89800096D607 /* AlgorhythmUITests */,
				ED95D8C31C1C897F0096D607 /* Products */,
			);
			sourceTree = "<group>";
		};
		ED95D8C31C1C897F0096D607 /* Products */ = {
			isa = PBXGroup;
			children = (
				ED95D8C21C1C897F0096D607 /* Algorhythm.app */,
				ED95D8DB1C1C89800096D607 /* AlgorhythmTests.xctest */,
				ED95D8E61C1C89800096D607 /* AlgorhythmUITests.xctest */,
			);
			name = Products;
			sourceTree = "<group>";
		};
		ED95D8C41C1C89800096D607 /* Algorhythm */ = {
			isa = PBXGroup;
			children = (
				ED95D8C81C1C89800096D607 /* AppDelegate.h */,
				ED95D8C91C1C89800096D607 /* AppDelegate.m */,
				ED95D8CB1C1C89800096D607 /* PlaylistMasterViewController.h */,
				ED95D8CC1C1C89800096D607 /* PlaylistMasterViewController.m */,
				ED95D8F81C1C91FC0096D607 /* PlaylistDetailViewController.h */,
				ED95D8F91C1C91FC0096D607 /* PlaylistDetailViewController.m */,
				ED95D8CE1C1C89800096D607 /* Main.storyboard */,
				ED95D8D11C1C89800096D607 /* Assets.xcassets */,
				ED95D8D31C1C89800096D607 /* LaunchScreen.storyboard */,
				ED95D8D61C1C89800096D607 /* Info.plist */,
				ED95D8C51C1C89800096D607 /* Supporting Files */,
			);
			path = Algorhythm;
			sourceTree = "<group>";
		};
		ED95D8C51C1C89800096D607 /* Supporting Files */ = {
			isa = PBXGroup;
			children = (
				ED95D8C61C1C89800096D607 /* main.m */,
			);
			name = "Supporting Files";
			sourceTree = "<group>";
		};
		ED95D8DE1C1C89800096D607 /* AlgorhythmTests */ = {
			isa = PBXGroup;
			children = (
				ED95D8DF1C1C89800096D607 /* AlgorhythmTests.m */,
				ED95D8E11C1C89800096D607 /* Info.plist */,
			);
			path = AlgorhythmTests;
			sourceTree = "<group>";
		};
		ED95D8E91C1C89800096D607 /* AlgorhythmUITests */ = {
			isa = PBXGroup;
			children = (
				ED95D8EA1C1C89800096D607 /* AlgorhythmUITests.m */,
				ED95D8EC1C1C89800096D607 /* Info.plist */,
			);
			path = AlgorhythmUITests;
			sourceTree = "<group>";
		};
/* End PBXGroup section */

/* Begin PBXNativeTarget section */
		ED95D8C11C1C897F0096D607 /* Algorhythm */ = {
			isa = PBXNativeTarget;
			buildConfigurationList = ED95D8EF1C1C89800096D607 /* Build configuration list for PBXNativeTarget "Algorhythm" */;
			buildPhases = (
				ED95D8BE1C1C897F0096D607 /* Sources */,
				ED95D8BF1C1C897F0096D607 /* Frameworks */,
				ED95D8C01C1C897F0096D607 /* Resources */,
			);
			buildRules = (
			);
			dependencies = (
			);
			name = Algorhythm;
			productName = Algorhythm;
			productReference = ED95D8C21C1C897F0096D607 /* Algorhythm.app */;
			productType = "com.apple.product-type.application";
		};
		ED95D8DA1C1C89800096D607 /* AlgorhythmTests */ = {
			isa = PBXNativeTarget;
			buildConfigurationList = ED95D8F21C1C89800096D607 /* Build configuration list for PBXNativeTarget "AlgorhythmTests" */;
			buildPhases = (
				ED95D8D71C1C89800096D607 /* Sources */,
				ED95D8D81C1C89800096D607 /* Frameworks */,
				ED95D8D91C1C89800096D607 /* Resources */,
			);
			buildRules = (
			);
			dependencies = (
				ED95D8DD1C1C89800096D607 /* PBXTargetDependency */,
			);
			name = AlgorhythmTests;
			productName = AlgorhythmTests;
			productReference = ED95D8DB1C1C89800096D607 /* AlgorhythmTests.xctest */;
			productType = "com.apple.product-type.bundle.unit-test";
		};
		ED95D8E51C1C89800096D607 /* AlgorhythmUITests */ = {
			isa = PBXNativeTarget;
			buildConfigurationList = ED95D8F51C1C89800096D607 /* Build configuration list for PBXNativeTarget "AlgorhythmUITests" */;
			buildPhases = (
				ED95D8E21C1C89800096D607 /* Sources */,
				ED95D8E31C1C89800096D607 /* Frameworks */,
				ED95D8E41C1C89800096D607 /* Resources */,
			);
			buildRules = (
			);
			dependencies = (
				ED95D8E81C1C89800096D607 /* PBXTargetDependency */,
			);
			name = AlgorhythmUITests;
			productName = AlgorhythmUITests;
			productReference = ED95D8E61C1C89800096D607 /* AlgorhythmUITests.xctest */;
			productType = "com.apple.product-type.bundle.ui-testing";
		};
/* End PBXNativeTarget section */

/* Begin PBXProject section */
		ED95D8BA1C1C897F0096D607 /* Project object */ = {
			isa = PBXProject;
			attributes = {
				LastUpgradeCheck = 0720;
				ORGANIZATIONNAME = "Carl Udren";
				TargetAttributes = {
					ED95D8C11C1C897F0096D607 = {
						CreatedOnToolsVersion = 7.2;
					};
					ED95D8DA1C1C89800096D607 = {
						CreatedOnToolsVersion = 7.2;
						TestTargetID = ED95D8C11C1C897F0096D607;
					};
					ED95D8E51C1C89800096D607 = {
						CreatedOnToolsVersion = 7.2;
						TestTargetID = ED95D8C11C1C897F0096D607;
					};
				};
			};
			buildConfigurationList = ED95D8BD1C1C897F0096D607 /* Build configuration list for PBXProject "Algorhythm" */;
			compatibilityVersion = "Xcode 3.2";
			developmentRegion = English;
			hasScannedForEncodings = 0;
			knownRegions = (
				en,
				Base,
			);
			mainGroup = ED95D8B91C1C897F0096D607;
			productRefGroup = ED95D8C31C1C897F0096D607 /* Products */;
			projectDirPath = "";
			projectRoot = "";
			targets = (
				ED95D8C11C1C897F0096D607 /* Algorhythm */,
				ED95D8DA1C1C89800096D607 /* AlgorhythmTests */,
				ED95D8E51C1C89800096D607 /* AlgorhythmUITests */,
			);
		};
/* End PBXProject section */

/* Begin PBXResourcesBuildPhase section */
		ED95D8C01C1C897F0096D607 /* Resources */ = {
			isa = PBXResourcesBuildPhase;
			buildActionMask = 2147483647;
			files = (
				ED95D8D51C1C89800096D607 /* LaunchScreen.storyboard in Resources */,
				ED95D8D21C1C89800096D607 /* Assets.xcassets in Resources */,
				ED95D8D01C1C89800096D607 /* Main.storyboard in Resources */,
			);
			runOnlyForDeploymentPostprocessing = 0;
		};
		ED95D8D91C1C89800096D607 /* Resources */ = {
			isa = PBXResourcesBuildPhase;
			buildActionMask = 2147483647;
			files = (
			);
			runOnlyForDeploymentPostprocessing = 0;
		};
		ED95D8E41C1C89800096D607 /* Resources */ = {
			isa = PBXResourcesBuildPhase;
			buildActionMask = 2147483647;
			files = (
			);
			runOnlyForDeploymentPostprocessing = 0;
		};
/* End PBXResourcesBuildPhase section */

/* Begin PBXSourcesBuildPhase section */
		ED95D8BE1C1C897F0096D607 /* Sources */ = {
			isa = PBXSourcesBuildPhase;
			buildActionMask = 2147483647;
			files = (
				ED95D8CD1C1C89800096D607 /* PlaylistMasterViewController.m in Sources */,
				ED95D8FA1C1C91FC0096D607 /* PlaylistDetailViewController.m in Sources */,
				ED95D8CA1C1C89800096D607 /* AppDelegate.m in Sources */,
				ED95D8C71C1C89800096D607 /* main.m in Sources */,
			);
			runOnlyForDeploymentPostprocessing = 0;
		};
		ED95D8D71C1C89800096D607 /* Sources */ = {
			isa = PBXSourcesBuildPhase;
			buildActionMask = 2147483647;
			files = (
				ED95D8E01C1C89800096D607 /* AlgorhythmTests.m in Sources */,
			);
			runOnlyForDeploymentPostprocessing = 0;
		};
		ED95D8E21C1C89800096D607 /* Sources */ = {
			isa = PBXSourcesBuildPhase;
			buildActionMask = 2147483647;
			files = (
				ED95D8EB1C1C89800096D607 /* AlgorhythmUITests.m in Sources */,
			);
			runOnlyForDeploymentPostprocessing = 0;
		};
/* End PBXSourcesBuildPhase section */

/* Begin PBXTargetDependency section */
		ED95D8DD1C1C89800096D607 /* PBXTargetDependency */ = {
			isa = PBXTargetDependency;
			target = ED95D8C11C1C897F0096D607 /* Algorhythm */;
			targetProxy = ED95D8DC1C1C89800096D607 /* PBXContainerItemProxy */;
		};
		ED95D8E81C1C89800096D607 /* PBXTargetDependency */ = {
			isa = PBXTargetDependency;
			target = ED95D8C11C1C897F0096D607 /* Algorhythm */;
			targetProxy = ED95D8E71C1C89800096D607 /* PBXContainerItemProxy */;
		};
/* End PBXTargetDependency section */

/* Begin PBXVariantGroup section */
		ED95D8CE1C1C89800096D607 /* Main.storyboard */ = {
			isa = PBXVariantGroup;
			children = (
				ED95D8CF1C1C89800096D607 /* Base */,
			);
			name = Main.storyboard;
			sourceTree = "<group>";
		};
		ED95D8D31C1C89800096D607 /* LaunchScreen.storyboard */ = {
			isa = PBXVariantGroup;
			children = (
				ED95D8D41C1C89800096D607 /* Base */,
			);
			name = LaunchScreen.storyboard;
			sourceTree = "<group>";
		};
/* End PBXVariantGroup section */

/* Begin XCBuildConfiguration section */
		ED95D8ED1C1C89800096D607 /* Debug */ = {
			isa = XCBuildConfiguration;
			buildSettings = {
				ALWAYS_SEARCH_USER_PATHS = NO;
				CLANG_CXX_LANGUAGE_STANDARD = "gnu++0x";
				CLANG_CXX_LIBRARY = "libc++";
				CLANG_ENABLE_MODULES = YES;
				CLANG_ENABLE_OBJC_ARC = YES;
				CLANG_WARN_BOOL_CONVERSION = YES;
				CLANG_WARN_CONSTANT_CONVERSION = YES;
				CLANG_WARN_DIRECT_OBJC_ISA_USAGE = YES_ERROR;
				CLANG_WARN_EMPTY_BODY = YES;
				CLANG_WARN_ENUM_CONVERSION = YES;
				CLANG_WARN_INT_CONVERSION = YES;
				CLANG_WARN_OBJC_ROOT_CLASS = YES_ERROR;
				CLANG_WARN_UNREACHABLE_CODE = YES;
				CLANG_WARN__DUPLICATE_METHOD_MATCH = YES;
				"CODE_SIGN_IDENTITY[sdk=iphoneos*]" = "iPhone Developer";
				COPY_PHASE_STRIP = NO;
				DEBUG_INFORMATION_FORMAT = dwarf;
				ENABLE_STRICT_OBJC_MSGSEND = YES;
				ENABLE_TESTABILITY = YES;
				GCC_C_LANGUAGE_STANDARD = gnu99;
				GCC_DYNAMIC_NO_PIC = NO;
				GCC_NO_COMMON_BLOCKS = YES;
				GCC_OPTIMIZATION_LEVEL = 0;
				GCC_PREPROCESSOR_DEFINITIONS = (
					"DEBUG=1",
					"$(inherited)",
				);
				GCC_WARN_64_TO_32_BIT_CONVERSION = YES;
				GCC_WARN_ABOUT_RETURN_TYPE = YES_ERROR;
				GCC_WARN_UNDECLARED_SELECTOR = YES;
				GCC_WARN_UNINITIALIZED_AUTOS = YES_AGGRESSIVE;
				GCC_WARN_UNUSED_FUNCTION = YES;
				GCC_WARN_UNUSED_VARIABLE = YES;
				IPHONEOS_DEPLOYMENT_TARGET = 9.2;
				MTL_ENABLE_DEBUG_INFO = YES;
				ONLY_ACTIVE_ARCH = YES;
				SDKROOT = iphoneos;
			};
			name = Debug;
		};
		ED95D8EE1C1C89800096D607 /* Release */ = {
			isa = XCBuildConfiguration;
			buildSettings = {
				ALWAYS_SEARCH_USER_PATHS = NO;
				CLANG_CXX_LANGUAGE_STANDARD = "gnu++0x";
				CLANG_CXX_LIBRARY = "libc++";
				CLANG_ENABLE_MODULES = YES;
				CLANG_ENABLE_OBJC_ARC = YES;
				CLANG_WARN_BOOL_CONVERSION = YES;
				CLANG_WARN_CONSTANT_CONVERSION = YES;
				CLANG_WARN_DIRECT_OBJC_ISA_USAGE = YES_ERROR;
				CLANG_WARN_EMPTY_BODY = YES;
				CLANG_WARN_ENUM_CONVERSION = YES;
				CLANG_WARN_INT_CONVERSION = YES;
				CLANG_WARN_OBJC_ROOT_CLASS = YES_ERROR;
				CLANG_WARN_UNREACHABLE_CODE = YES;
				CLANG_WARN__DUPLICATE_METHOD_MATCH = YES;
				"CODE_SIGN_IDENTITY[sdk=iphoneos*]" = "iPhone Developer";
				COPY_PHASE_STRIP = NO;
				DEBUG_INFORMATION_FORMAT = "dwarf-with-dsym";
				ENABLE_NS_ASSERTIONS = NO;
				ENABLE_STRICT_OBJC_MSGSEND = YES;
				GCC_C_LANGUAGE_STANDARD = gnu99;
				GCC_NO_COMMON_BLOCKS = YES;
				GCC_WARN_64_TO_32_BIT_CONVERSION = YES;
				GCC_WARN_ABOUT_RETURN_TYPE = YES_ERROR;
				GCC_WARN_UNDECLARED_SELECTOR = YES;
				GCC_WARN_UNINITIALIZED_AUTOS = YES_AGGRESSIVE;
				GCC_WARN_UNUSED_FUNCTION = YES;
				GCC_WARN_UNUSED_VARIABLE = YES;
				IPHONEOS_DEPLOYMENT_TARGET = 9.2;
				MTL_ENABLE_DEBUG_INFO = NO;
				SDKROOT = iphoneos;
				VALIDATE_PRODUCT = YES;
			};
			name = Release;
		};
		ED95D8F01C1C89800096D607 /* Debug */ = {
			isa = XCBuildConfiguration;
			buildSettings = {
				ASSETCATALOG_COMPILER_APPICON_NAME = AppIcon;
				INFOPLIST_FILE = Algorhythm/Info.plist;
				LD_RUNPATH_SEARCH_PATHS = "$(inherited) @executable_path/Frameworks";
				PRODUCT_BUNDLE_IDENTIFIER = "Carl-Udren.Algorhythm";
				PRODUCT_NAME = "$(TARGET_NAME)";
			};
			name = Debug;
		};
		ED95D8F11C1C89800096D607 /* Release */ = {
			isa = XCBuildConfiguration;
			buildSettings = {
				ASSETCATALOG_COMPILER_APPICON_NAME = AppIcon;
				INFOPLIST_FILE = Algorhythm/Info.plist;
				LD_RUNPATH_SEARCH_PATHS = "$(inherited) @executable_path/Frameworks";
				PRODUCT_BUNDLE_IDENTIFIER = "Carl-Udren.Algorhythm";
				PRODUCT_NAME = "$(TARGET_NAME)";
			};
			name = Release;
		};
		ED95D8F31C1C89800096D607 /* Debug */ = {
			isa = XCBuildConfiguration;
			buildSettings = {
				BUNDLE_LOADER = "$(TEST_HOST)";
				INFOPLIST_FILE = AlgorhythmTests/Info.plist;
				LD_RUNPATH_SEARCH_PATHS = "$(inherited) @executable_path/Frameworks @loader_path/Frameworks";
				PRODUCT_BUNDLE_IDENTIFIER = "Carl-Udren.AlgorhythmTests";
				PRODUCT_NAME = "$(TARGET_NAME)";
				TEST_HOST = "$(BUILT_PRODUCTS_DIR)/Algorhythm.app/Algorhythm";
			};
			name = Debug;
		};
		ED95D8F41C1C89800096D607 /* Release */ = {
			isa = XCBuildConfiguration;
			buildSettings = {
				BUNDLE_LOADER = "$(TEST_HOST)";
				INFOPLIST_FILE = AlgorhythmTests/Info.plist;
				LD_RUNPATH_SEARCH_PATHS = "$(inherited) @executable_path/Frameworks @loader_path/Frameworks";
				PRODUCT_BUNDLE_IDENTIFIER = "Carl-Udren.AlgorhythmTests";
				PRODUCT_NAME = "$(TARGET_NAME)";
				TEST_HOST = "$(BUILT_PRODUCTS_DIR)/Algorhythm.app/Algorhythm";
			};
			name = Release;
		};
		ED95D8F61C1C89800096D607 /* Debug */ = {
			isa = XCBuildConfiguration;
			buildSettings = {
				INFOPLIST_FILE = AlgorhythmUITests/Info.plist;
				LD_RUNPATH_SEARCH_PATHS = "$(inherited) @executable_path/Frameworks @loader_path/Frameworks";
				PRODUCT_BUNDLE_IDENTIFIER = "Carl-Udren.AlgorhythmUITests";
				PRODUCT_NAME = "$(TARGET_NAME)";
				TEST_TARGET_NAME = Algorhythm;
				USES_XCTRUNNER = YES;
			};
			name = Debug;
		};
		ED95D8F71C1C89800096D607 /* Release */ = {
			isa = XCBuildConfiguration;
			buildSettings = {
				INFOPLIST_FILE = AlgorhythmUITests/Info.plist;
				LD_RUNPATH_SEARCH_PATHS = "$(inherited) @executable_path/Frameworks @loader_path/Frameworks";
				PRODUCT_BUNDLE_IDENTIFIER = "Carl-Udren.AlgorhythmUITests";
				PRODUCT_NAME = "$(TARGET_NAME)";
				TEST_TARGET_NAME = Algorhythm;
				USES_XCTRUNNER = YES;
			};
			name = Release;
		};
/* End XCBuildConfiguration section */

/* Begin XCConfigurationList section */
		ED95D8BD1C1C897F0096D607 /* Build configuration list for PBXProject "Algorhythm" */ = {
			isa = XCConfigurationList;
			buildConfigurations = (
				ED95D8ED1C1C89800096D607 /* Debug */,
				ED95D8EE1C1C89800096D607 /* Release */,
			);
			defaultConfigurationIsVisible = 0;
			defaultConfigurationName = Release;
		};
		ED95D8EF1C1C89800096D607 /* Build configuration list for PBXNativeTarget "Algorhythm" */ = {
			isa = XCConfigurationList;
			buildConfigurations = (
				ED95D8F01C1C89800096D607 /* Debug */,
				ED95D8F11C1C89800096D607 /* Release */,
			);
			defaultConfigurationIsVisible = 0;
		};
		ED95D8F21C1C89800096D607 /* Build configuration list for PBXNativeTarget "AlgorhythmTests" */ = {
			isa = XCConfigurationList;
			buildConfigurations = (
				ED95D8F31C1C89800096D607 /* Debug */,
				ED95D8F41C1C89800096D607 /* Release */,
			);
			defaultConfigurationIsVisible = 0;
		};
		ED95D8F51C1C89800096D607 /* Build configuration list for PBXNativeTarget "AlgorhythmUITests" */ = {
			isa = XCConfigurationList;
			buildConfigurations = (
				ED95D8F61C1C89800096D607 /* Debug */,
				ED95D8F71C1C89800096D607 /* Release */,
			);
			defaultConfigurationIsVisible = 0;
		};
/* End XCConfigurationList section */
	};
	rootObject = ED95D8BA1C1C897F0096D607 /* Project object */;
}
